
Microsoft Visual Studio Solution File, Format Version 12.00
# Visual Studio Version 17
VisualStudioVersion = 17.5.33424.131
MinimumVisualStudioVersion = 10.0.40219.1
Project("{FAE04EC0-301F-11D3-BF4B-00C04F79EFBC}") = "Social Media clone", "Social Media clone\Social Media clone.csproj", "{B862B1C9-9BC9-4155-97BD-29E966BDF093}"
EndProject
Global
	GlobalSection(SolutionConfigurationPlatforms) = preSolution
		Debug|Any CPU = Debug|Any CPU
		Release|Any CPU = Release|Any CPU
	EndGlobalSection
	GlobalSection(ProjectConfigurationPlatforms) = postSolution
		{B862B1C9-9BC9-4155-97BD-29E966BDF093}.Debug|Any CPU.ActiveCfg = Debug|Any CPU
		{B862B1C9-9BC9-4155-97BD-29E966BDF093}.Debug|Any CPU.Build.0 = Debug|Any CPU
		{B862B1C9-9BC9-4155-97BD-29E966BDF093}.Release|Any CPU.ActiveCfg = Release|Any CPU
		{B862B1C9-9BC9-4155-97BD-29E966BDF093}.Release|Any CPU.Build.0 = Release|Any CPU
	EndGlobalSection
	GlobalSection(SolutionProperties) = preSolution
		HideSolutionNode = FALSE
	EndGlobalSection
	GlobalSection(ExtensibilityGlobals) = postSolution
		SolutionGuid = {2803476C-9954-4730-9FA0-992D712DA41C}
	EndGlobalSection
EndGlobal
